
Microsoft Visual Studio Solution File, Format Version 12.00
# Visual Studio Version 17
VisualStudioVersion = 17.5.002.0
MinimumVisualStudioVersion = 10.0.40219.1
Project("{9A19103F-16F7-4668-BE54-9A1E7A4F7556}") = "ApoloLexer", "ApoloLexer.csproj", "{9568A219-19FD-4CC2-B5FD-2ADA4D4B78C5}"
EndProject
Project("{FAE04EC0-301F-11D3-BF4B-00C04F79EFBC}") = "TestLexer", "..\TestLexer\TestLexer.csproj", "{DE3E6000-C8B7-4117-A6B9-876EC8F758D3}"
EndProject
Global
	GlobalSection(SolutionConfigurationPlatforms) = preSolution
		Debug|Any CPU = Debug|Any CPU
		Release|Any CPU = Release|Any CPU
	EndGlobalSection
	GlobalSection(ProjectConfigurationPlatforms) = postSolution
		{9568A219-19FD-4CC2-B5FD-2ADA4D4B78C5}.Debug|Any CPU.ActiveCfg = Debug|Any CPU
		{9568A219-19FD-4CC2-B5FD-2ADA4D4B78C5}.Debug|Any CPU.Build.0 = Debug|Any CPU
		{9568A219-19FD-4CC2-B5FD-2ADA4D4B78C5}.Release|Any CPU.ActiveCfg = Release|Any CPU
		{9568A219-19FD-4CC2-B5FD-2ADA4D4B78C5}.Release|Any CPU.Build.0 = Release|Any CPU
		{DE3E6000-C8B7-4117-A6B9-876EC8F758D3}.Debug|Any CPU.ActiveCfg = Debug|Any CPU
		{DE3E6000-C8B7-4117-A6B9-876EC8F758D3}.Debug|Any CPU.Build.0 = Debug|Any CPU
		{DE3E6000-C8B7-4117-A6B9-876EC8F758D3}.Release|Any CPU.ActiveCfg = Release|Any CPU
		{DE3E6000-C8B7-4117-A6B9-876EC8F758D3}.Release|Any CPU.Build.0 = Release|Any CPU
	EndGlobalSection
	GlobalSection(SolutionProperties) = preSolution
		HideSolutionNode = FALSE
	EndGlobalSection
	GlobalSection(ExtensibilityGlobals) = postSolution
		SolutionGuid = {1763B914-FCE9-4C04-8D7D-A0EBF736D00A}
	EndGlobalSection
EndGlobal
