
Microsoft Visual Studio Solution File, Format Version 12.00
# Visual Studio Version 17
VisualStudioVersion = 17.0.31903.59
MinimumVisualStudioVersion = 10.0.40219.1
Project("{FAE04EC0-301F-11D3-BF4B-00C04F79EFBC}") = "Problems_Euler", "Problems_Euler\Problems_Euler.csproj", "{DA0D4F6F-2843-4D8E-A4EE-177229F225F1}"
EndProject
Project("{FAE04EC0-301F-11D3-BF4B-00C04F79EFBC}") = "Tests", "Tests\Tests.csproj", "{31D891AB-6280-4030-9908-15A2E46E79BC}"
EndProject
Global
	GlobalSection(SolutionConfigurationPlatforms) = preSolution
		Debug|Any CPU = Debug|Any CPU
		Release|Any CPU = Release|Any CPU
	EndGlobalSection
	GlobalSection(SolutionProperties) = preSolution
		HideSolutionNode = FALSE
	EndGlobalSection
	GlobalSection(ProjectConfigurationPlatforms) = postSolution
		{DA0D4F6F-2843-4D8E-A4EE-177229F225F1}.Debug|Any CPU.ActiveCfg = Debug|Any CPU
		{DA0D4F6F-2843-4D8E-A4EE-177229F225F1}.Debug|Any CPU.Build.0 = Debug|Any CPU
		{DA0D4F6F-2843-4D8E-A4EE-177229F225F1}.Release|Any CPU.ActiveCfg = Release|Any CPU
		{DA0D4F6F-2843-4D8E-A4EE-177229F225F1}.Release|Any CPU.Build.0 = Release|Any CPU
		{31D891AB-6280-4030-9908-15A2E46E79BC}.Debug|Any CPU.ActiveCfg = Debug|Any CPU
		{31D891AB-6280-4030-9908-15A2E46E79BC}.Debug|Any CPU.Build.0 = Debug|Any CPU
		{31D891AB-6280-4030-9908-15A2E46E79BC}.Release|Any CPU.ActiveCfg = Release|Any CPU
		{31D891AB-6280-4030-9908-15A2E46E79BC}.Release|Any CPU.Build.0 = Release|Any CPU
	EndGlobalSection
EndGlobal
